{
  "name": "steam-totp",
  "version": "1.0.0",
  "lockfileVersion": 1,
  "requires": true,
  "dependencies": {
    "@actions/core": {
      "version": "1.2.5",
      "resolved": "https://registry.npmjs.org/@actions/core/-/core-1.2.5.tgz",
      "integrity": "sha512-mwpoNjHSWWh0IiALdDEQi3tru124JKn0yVNziIBzTME8QRv7thwoghVuT1jBRjFvdtoHsqD58IRHy1nf86paRg=="
    },
    "@vercel/ncc": {
      "version": "0.23.0",
      "resolved": "https://registry.npmjs.org/@vercel/ncc/-/ncc-0.23.0.tgz",
      "integrity": "sha512-Fcr1qlG9t54X4X9qbo/+jr1+t5Qc6H3TgIRBXmKkF/WDs6YFulAN6ilq2Ehx38RbgIOFxaZnjlAQ50GyexnMpQ==",
      "dev": true
    }
  }
}
